// !$*UTF8*$!
{
	archiveVersion = 1;
	classes = {
	};
	objectVersion = 55;
	objects = {

/* Begin PBXBuildFile section */
		39AE8C4627466BB700EAF4E8 /* AppDelegate.swift in Sources */ = {isa = PBXBuildFile; fileRef = 39AE8C4527466BB700EAF4E8 /* AppDelegate.swift */; };
		39AE8C4827466BB700EAF4E8 /* SceneDelegate.swift in Sources */ = {isa = PBXBuildFile; fileRef = 39AE8C4727466BB700EAF4E8 /* SceneDelegate.swift */; };
		39AE8C4A27466BB700EAF4E8 /* ViewController.swift in Sources */ = {isa = PBXBuildFile; fileRef = 39AE8C4927466BB700EAF4E8 /* ViewController.swift */; };
		39AE8C4D27466BB700EAF4E8 /* Main.storyboard in Resources */ = {isa = PBXBuildFile; fileRef = 39AE8C4B27466BB700EAF4E8 /* Main.storyboard */; };
		39AE8C4F27466BB800EAF4E8 /* Assets.xcassets in Resources */ = {isa = PBXBuildFile; fileRef = 39AE8C4E27466BB800EAF4E8 /* Assets.xcassets */; };
		39AE8C5227466BB800EAF4E8 /* LaunchScreen.storyboard in Resources */ = {isa = PBXBuildFile; fileRef = 39AE8C5027466BB800EAF4E8 /* LaunchScreen.storyboard */; };
		39AE8C5D27466BB800EAF4E8 /* SingleViewTests.swift in Sources */ = {isa = PBXBuildFile; fileRef = 39AE8C5C27466BB800EAF4E8 /* SingleViewTests.swift */; };
		39AE8C6727466BB800EAF4E8 /* SingleViewUITests.swift in Sources */ = {isa = PBXBuildFile; fileRef = 39AE8C6627466BB800EAF4E8 /* SingleViewUITests.swift */; };
		39AE8C6927466BB800EAF4E8 /* SingleViewUITestsLaunchTests.swift in Sources */ = {isa = PBXBuildFile; fileRef = 39AE8C6827466BB800EAF4E8 /* SingleViewUITestsLaunchTests.swift */; };
/* End PBXBuildFile section */

/* Begin PBXContainerItemProxy section */
		39AE8C5927466BB800EAF4E8 /* PBXContainerItemProxy */ = {
			isa = PBXContainerItemProxy;
			containerPortal = 39AE8C3A27466BB700EAF4E8 /* Project object */;
			proxyType = 1;
			remoteGlobalIDString = 39AE8C4127466BB700EAF4E8;
			remoteInfo = SingleView;
		};
		39AE8C6327466BB800EAF4E8 /* PBXContainerItemProxy */ = {
			isa = PBXContainerItemProxy;
			containerPortal = 39AE8C3A27466BB700EAF4E8 /* Project object */;
			proxyType = 1;
			remoteGlobalIDString = 39AE8C4127466BB700EAF4E8;
			remoteInfo = SingleView;
		};
/* End PBXContainerItemProxy section */

/* Begin PBXFileReference section */
		39AE8C4227466BB700EAF4E8 /* SingleView.app */ = {isa = PBXFileReference; explicitFileType = wrapper.application; includeInIndex = 0; path = SingleView.app; sourceTree = BUILT_PRODUCTS_DIR; };
		39AE8C4527466BB700EAF4E8 /* AppDelegate.swift */ = {isa = PBXFileReference; lastKnownFileType = sourcecode.swift; path = AppDelegate.swift; sourceTree = "<group>"; };
		39AE8C4727466BB700EAF4E8 /* SceneDelegate.swift */ = {isa = PBXFileReference; lastKnownFileType = sourcecode.swift; path = SceneDelegate.swift; sourceTree = "<group>"; };
		39AE8C4927466BB700EAF4E8 /* ViewController.swift */ = {isa = PBXFileReference; lastKnownFileType = sourcecode.swift; path = ViewController.swift; sourceTree = "<group>"; };
		39AE8C4C27466BB700EAF4E8 /* Base */ = {isa = PBXFileReference; lastKnownFileType = file.storyboard; name = Base; path = Base.lproj/Main.storyboard; sourceTree = "<group>"; };
		39AE8C4E27466BB800EAF4E8 /* Assets.xcassets */ = {isa = PBXFileReference; lastKnownFileType = folder.assetcatalog; path = Assets.xcassets; sourceTree = "<group>"; };
		39AE8C5127466BB800EAF4E8 /* Base */ = {isa = PBXFileReference; lastKnownFileType = file.storyboard; name = Base; path = Base.lproj/LaunchScreen.storyboard; sourceTree = "<group>"; };
		39AE8C5327466BB800EAF4E8 /* Info.plist */ = {isa = PBXFileReference; lastKnownFileType = text.plist.xml; path = Info.plist; sourceTree = "<group>"; };
		39AE8C5827466BB800EAF4E8 /* SingleViewTests.xctest */ = {isa = PBXFileReference; explicitFileType = wrapper.cfbundle; includeInIndex = 0; path = SingleViewTests.xctest; sourceTree = BUILT_PRODUCTS_DIR; };
		39AE8C5C27466BB800EAF4E8 /* SingleViewTests.swift */ = {isa = PBXFileReference; lastKnownFileType = sourcecode.swift; path = SingleViewTests.swift; sourceTree = "<group>"; };
		39AE8C6227466BB800EAF4E8 /* SingleViewUITests.xctest */ = {isa = PBXFileReference; explicitFileType = wrapper.cfbundle; includeInIndex = 0; path = SingleViewUITests.xctest; sourceTree = BUILT_PRODUCTS_DIR; };
		39AE8C6627466BB800EAF4E8 /* SingleViewUITests.swift */ = {isa = PBXFileReference; lastKnownFileType = sourcecode.swift; path = SingleViewUITests.swift; sourceTree = "<group>"; };
		39AE8C6827466BB800EAF4E8 /* SingleViewUITestsLaunchTests.swift */ = {isa = PBXFileReference; lastKnownFileType = sourcecode.swift; path = SingleViewUITestsLaunchTests.swift; sourceTree = "<group>"; };
/* End PBXFileReference section */

/* Begin PBXFrameworksBuildPhase section */
		39AE8C3F27466BB700EAF4E8 /* Frameworks */ = {
			isa = PBXFrameworksBuildPhase;
			buildActionMask = 2147483647;
			files = (
			);
			runOnlyForDeploymentPostprocessing = 0;
		};
		39AE8C5527466BB800EAF4E8 /* Frameworks */ = {
			isa = PBXFrameworksBuildPhase;
			buildActionMask = 2147483647;
			files = (
			);
			runOnlyForDeploymentPostprocessing = 0;
		};
		39AE8C5F27466BB800EAF4E8 /* Frameworks */ = {
			isa = PBXFrameworksBuildPhase;
			buildActionMask = 2147483647;
			files = (
			);
			runOnlyForDeploymentPostprocessing = 0;
		};
/* End PBXFrameworksBuildPhase section */

/* Begin PBXGroup section */
		39AE8C3927466BB700EAF4E8 = {
			isa = PBXGroup;
			children = (
				39AE8C4427466BB700EAF4E8 /* SingleView */,
				39AE8C5B27466BB800EAF4E8 /* SingleViewTests */,
				39AE8C6527466BB800EAF4E8 /* SingleViewUITests */,
				39AE8C4327466BB700EAF4E8 /* Products */,
			);
			sourceTree = "<group>";
		};
		39AE8C4327466BB700EAF4E8 /* Products */ = {
			isa = PBXGroup;
			children = (
				39AE8C4227466BB700EAF4E8 /* SingleView.app */,
				39AE8C5827466BB800EAF4E8 /* SingleViewTests.xctest */,
				39AE8C6227466BB800EAF4E8 /* SingleViewUITests.xctest */,
			);
			name = Products;
			sourceTree = "<group>";
		};
		39AE8C4427466BB700EAF4E8 /* SingleView */ = {
			isa = PBXGroup;
			children = (
				39AE8C4527466BB700EAF4E8 /* AppDelegate.swift */,
				39AE8C4727466BB700EAF4E8 /* SceneDelegate.swift */,
				39AE8C4927466BB700EAF4E8 /* ViewController.swift */,
				39AE8C4B27466BB700EAF4E8 /* Main.storyboard */,
				39AE8C4E27466BB800EAF4E8 /* Assets.xcassets */,
				39AE8C5027466BB800EAF4E8 /* LaunchScreen.storyboard */,
				39AE8C5327466BB800EAF4E8 /* Info.plist */,
			);
			path = SingleView;
			sourceTree = "<group>";
		};
		39AE8C5B27466BB800EAF4E8 /* SingleViewTests */ = {
			isa = PBXGroup;
			children = (
				39AE8C5C27466BB800EAF4E8 /* SingleViewTests.swift */,
			);
			path = SingleViewTests;
			sourceTree = "<group>";
		};
		39AE8C6527466BB800EAF4E8 /* SingleViewUITests */ = {
			isa = PBXGroup;
			children = (
				39AE8C6627466BB800EAF4E8 /* SingleViewUITests.swift */,
				39AE8C6827466BB800EAF4E8 /* SingleViewUITestsLaunchTests.swift */,
			);
			path = SingleViewUITests;
			sourceTree = "<group>";
		};
/* End PBXGroup section */

/* Begin PBXNativeTarget section */
		39AE8C4127466BB700EAF4E8 /* SingleView */ = {
			isa = PBXNativeTarget;
			buildConfigurationList = 39AE8C6C27466BB800EAF4E8 /* Build configuration list for PBXNativeTarget "SingleView" */;
			buildPhases = (
				39AE8C3E27466BB700EAF4E8 /* Sources */,
				39AE8C3F27466BB700EAF4E8 /* Frameworks */,
				39AE8C4027466BB700EAF4E8 /* Resources */,
			);
			buildRules = (
			);
			dependencies = (
			);
			name = SingleView;
			productName = SingleView;
			productReference = 39AE8C4227466BB700EAF4E8 /* SingleView.app */;
			productType = "com.apple.product-type.application";
		};
		39AE8C5727466BB800EAF4E8 /* SingleViewTests */ = {
			isa = PBXNativeTarget;
			buildConfigurationList = 39AE8C6F27466BB800EAF4E8 /* Build configuration list for PBXNativeTarget "SingleViewTests" */;
			buildPhases = (
				39AE8C5427466BB800EAF4E8 /* Sources */,
				39AE8C5527466BB800EAF4E8 /* Frameworks */,
				39AE8C5627466BB800EAF4E8 /* Resources */,
			);
			buildRules = (
			);
			dependencies = (
				39AE8C5A27466BB800EAF4E8 /* PBXTargetDependency */,
			);
			name = SingleViewTests;
			productName = SingleViewTests;
			productReference = 39AE8C5827466BB800EAF4E8 /* SingleViewTests.xctest */;
			productType = "com.apple.product-type.bundle.unit-test";
		};
		39AE8C6127466BB800EAF4E8 /* SingleViewUITests */ = {
			isa = PBXNativeTarget;
			buildConfigurationList = 39AE8C7227466BB800EAF4E8 /* Build configuration list for PBXNativeTarget "SingleViewUITests" */;
			buildPhases = (
				39AE8C5E27466BB800EAF4E8 /* Sources */,
				39AE8C5F27466BB800EAF4E8 /* Frameworks */,
				39AE8C6027466BB800EAF4E8 /* Resources */,
			);
			buildRules = (
			);
			dependencies = (
				39AE8C6427466BB800EAF4E8 /* PBXTargetDependency */,
			);
			name = SingleViewUITests;
			productName = SingleViewUITests;
			productReference = 39AE8C6227466BB800EAF4E8 /* SingleViewUITests.xctest */;
			productType = "com.apple.product-type.bundle.ui-testing";
		};
/* End PBXNativeTarget section */

/* Begin PBXProject section */
		39AE8C3A27466BB700EAF4E8 /* Project object */ = {
			isa = PBXProject;
			attributes = {
				BuildIndependentTargetsInParallel = 1;
				LastSwiftUpdateCheck = 1300;
				LastUpgradeCheck = 1300;
				TargetAttributes = {
					39AE8C4127466BB700EAF4E8 = {
						CreatedOnToolsVersion = 13.0;
					};
					39AE8C5727466BB800EAF4E8 = {
						CreatedOnToolsVersion = 13.0;
						TestTargetID = 39AE8C4127466BB700EAF4E8;
					};
					39AE8C6127466BB800EAF4E8 = {
						CreatedOnToolsVersion = 13.0;
						TestTargetID = 39AE8C4127466BB700EAF4E8;
					};
				};
			};
			buildConfigurationList = 39AE8C3D27466BB700EAF4E8 /* Build configuration list for PBXProject "SingleView" */;
			compatibilityVersion = "Xcode 13.0";
			developmentRegion = en;
			hasScannedForEncodings = 0;
			knownRegions = (
				en,
				Base,
			);
			mainGroup = 39AE8C3927466BB700EAF4E8;
			productRefGroup = 39AE8C4327466BB700EAF4E8 /* Products */;
			projectDirPath = "";
			projectRoot = "";
			targets = (
				39AE8C4127466BB700EAF4E8 /* SingleView */,
				39AE8C5727466BB800EAF4E8 /* SingleViewTests */,
				39AE8C6127466BB800EAF4E8 /* SingleViewUITests */,
			);
		};
/* End PBXProject section */

/* Begin PBXResourcesBuildPhase section */
		39AE8C4027466BB700EAF4E8 /* Resources */ = {
			isa = PBXResourcesBuildPhase;
			buildActionMask = 2147483647;
			files = (
				39AE8C5227466BB800EAF4E8 /* LaunchScreen.storyboard in Resources */,
				39AE8C4F27466BB800EAF4E8 /* Assets.xcassets in Resources */,
				39AE8C4D27466BB700EAF4E8 /* Main.storyboard in Resources */,
			);
			runOnlyForDeploymentPostprocessing = 0;
		};
		39AE8C5627466BB800EAF4E8 /* Resources */ = {
			isa = PBXResourcesBuildPhase;
			buildActionMask = 2147483647;
			files = (
			);
			runOnlyForDeploymentPostprocessing = 0;
		};
		39AE8C6027466BB800EAF4E8 /* Resources */ = {
			isa = PBXResourcesBuildPhase;
			buildActionMask = 2147483647;
			files = (
			);
			runOnlyForDeploymentPostprocessing = 0;
		};
/* End PBXResourcesBuildPhase section */

/* Begin PBXSourcesBuildPhase section */
		39AE8C3E27466BB700EAF4E8 /* Sources */ = {
			isa = PBXSourcesBuildPhase;
			buildActionMask = 2147483647;
			files = (
				39AE8C4A27466BB700EAF4E8 /* ViewController.swift in Sources */,
				39AE8C4627466BB700EAF4E8 /* AppDelegate.swift in Sources */,
				39AE8C4827466BB700EAF4E8 /* SceneDelegate.swift in Sources */,
			);
			runOnlyForDeploymentPostprocessing = 0;
		};
		39AE8C5427466BB800EAF4E8 /* Sources */ = {
			isa = PBXSourcesBuildPhase;
			buildActionMask = 2147483647;
			files = (
				39AE8C5D27466BB800EAF4E8 /* SingleViewTests.swift in Sources */,
			);
			runOnlyForDeploymentPostprocessing = 0;
		};
		39AE8C5E27466BB800EAF4E8 /* Sources */ = {
			isa = PBXSourcesBuildPhase;
			buildActionMask = 2147483647;
			files = (
				39AE8C6727466BB800EAF4E8 /* SingleViewUITests.swift in Sources */,
				39AE8C6927466BB800EAF4E8 /* SingleViewUITestsLaunchTests.swift in Sources */,
			);
			runOnlyForDeploymentPostprocessing = 0;
		};
/* End PBXSourcesBuildPhase section */

/* Begin PBXTargetDependency section */
		39AE8C5A27466BB800EAF4E8 /* PBXTargetDependency */ = {
			isa = PBXTargetDependency;
			target = 39AE8C4127466BB700EAF4E8 /* SingleView */;
			targetProxy = 39AE8C5927466BB800EAF4E8 /* PBXContainerItemProxy */;
		};
		39AE8C6427466BB800EAF4E8 /* PBXTargetDependency */ = {
			isa = PBXTargetDependency;
			target = 39AE8C4127466BB700EAF4E8 /* SingleView */;
			targetProxy = 39AE8C6327466BB800EAF4E8 /* PBXContainerItemProxy */;
		};
/* End PBXTargetDependency section */

/* Begin PBXVariantGroup section */
		39AE8C4B27466BB700EAF4E8 /* Main.storyboard */ = {
			isa = PBXVariantGroup;
			children = (
				39AE8C4C27466BB700EAF4E8 /* Base */,
			);
			name = Main.storyboard;
			sourceTree = "<group>";
		};
		39AE8C5027466BB800EAF4E8 /* LaunchScreen.storyboard */ = {
			isa = PBXVariantGroup;
			children = (
				39AE8C5127466BB800EAF4E8 /* Base */,
			);
			name = LaunchScreen.storyboard;
			sourceTree = "<group>";
		};
/* End PBXVariantGroup section */

/* Begin XCBuildConfiguration section */
		39AE8C6A27466BB800EAF4E8 /* Debug */ = {
			isa = XCBuildConfiguration;
			buildSettings = {
				ALWAYS_SEARCH_USER_PATHS = NO;
				CLANG_ANALYZER_NONNULL = YES;
				CLANG_ANALYZER_NUMBER_OBJECT_CONVERSION = YES_AGGRESSIVE;
				CLANG_CXX_LANGUAGE_STANDARD = "gnu++17";
				CLANG_CXX_LIBRARY = "libc++";
				CLANG_ENABLE_MODULES = YES;
				CLANG_ENABLE_OBJC_ARC = YES;
				CLANG_ENABLE_OBJC_WEAK = YES;
				CLANG_WARN_BLOCK_CAPTURE_AUTORELEASING = YES;
				CLANG_WARN_BOOL_CONVERSION = YES;
				CLANG_WARN_COMMA = YES;
				CLANG_WARN_CONSTANT_CONVERSION = YES;
				CLANG_WARN_DEPRECATED_OBJC_IMPLEMENTATIONS = YES;
				CLANG_WARN_DIRECT_OBJC_ISA_USAGE = YES_ERROR;
				CLANG_WARN_DOCUMENTATION_COMMENTS = YES;
				CLANG_WARN_EMPTY_BODY = YES;
				CLANG_WARN_ENUM_CONVERSION = YES;
				CLANG_WARN_INFINITE_RECURSION = YES;
				CLANG_WARN_INT_CONVERSION = YES;
				CLANG_WARN_NON_LITERAL_NULL_CONVERSION = YES;
				CLANG_WARN_OBJC_IMPLICIT_RETAIN_SELF = YES;
				CLANG_WARN_OBJC_LITERAL_CONVERSION = YES;
				CLANG_WARN_OBJC_ROOT_CLASS = YES_ERROR;
				CLANG_WARN_QUOTED_INCLUDE_IN_FRAMEWORK_HEADER = YES;
				CLANG_WARN_RANGE_LOOP_ANALYSIS = YES;
				CLANG_WARN_STRICT_PROTOTYPES = YES;
				CLANG_WARN_SUSPICIOUS_MOVE = YES;
				CLANG_WARN_UNGUARDED_AVAILABILITY = YES_AGGRESSIVE;
				CLANG_WARN_UNREACHABLE_CODE = YES;
				CLANG_WARN__DUPLICATE_METHOD_MATCH = YES;
				COPY_PHASE_STRIP = NO;
				DEBUG_INFORMATION_FORMAT = dwarf;
				ENABLE_STRICT_OBJC_MSGSEND = YES;
				ENABLE_TESTABILITY = YES;
				GCC_C_LANGUAGE_STANDARD = gnu11;
				GCC_DYNAMIC_NO_PIC = NO;
				GCC_NO_COMMON_BLOCKS = YES;
				GCC_OPTIMIZATION_LEVEL = 0;
				GCC_PREPROCESSOR_DEFINITIONS = (
					"DEBUG=1",
					"$(inherited)",
				);
				GCC_WARN_64_TO_32_BIT_CONVERSION = YES;
				GCC_WARN_ABOUT_RETURN_TYPE = YES_ERROR;
				GCC_WARN_UNDECLARED_SELECTOR = YES;
				GCC_WARN_UNINITIALIZED_AUTOS = YES_AGGRESSIVE;
				GCC_WARN_UNUSED_FUNCTION = YES;
				GCC_WARN_UNUSED_VARIABLE = YES;
				IPHONEOS_DEPLOYMENT_TARGET = 15.0;
				MTL_ENABLE_DEBUG_INFO = INCLUDE_SOURCE;
				MTL_FAST_MATH = YES;
				ONLY_ACTIVE_ARCH = YES;
				SDKROOT = iphoneos;
				SWIFT_ACTIVE_COMPILATION_CONDITIONS = DEBUG;
				SWIFT_OPTIMIZATION_LEVEL = "-Onone";
			};
			name = Debug;
		};
		39AE8C6B27466BB800EAF4E8 /* Release */ = {
			isa = XCBuildConfiguration;
			buildSettings = {
				ALWAYS_SEARCH_USER_PATHS = NO;
				CLANG_ANALYZER_NONNULL = YES;
				CLANG_ANALYZER_NUMBER_OBJECT_CONVERSION = YES_AGGRESSIVE;
				CLANG_CXX_LANGUAGE_STANDARD = "gnu++17";
				CLANG_CXX_LIBRARY = "libc++";
				CLANG_ENABLE_MODULES = YES;
				CLANG_ENABLE_OBJC_ARC = YES;
				CLANG_ENABLE_OBJC_WEAK = YES;
				CLANG_WARN_BLOCK_CAPTURE_AUTORELEASING = YES;
				CLANG_WARN_BOOL_CONVERSION = YES;
				CLANG_WARN_COMMA = YES;
				CLANG_WARN_CONSTANT_CONVERSION = YES;
				CLANG_WARN_DEPRECATED_OBJC_IMPLEMENTATIONS = YES;
				CLANG_WARN_DIRECT_OBJC_ISA_USAGE = YES_ERROR;
				CLANG_WARN_DOCUMENTATION_COMMENTS = YES;
				CLANG_WARN_EMPTY_BODY = YES;
				CLANG_WARN_ENUM_CONVERSION = YES;
				CLANG_WARN_INFINITE_RECURSION = YES;
				CLANG_WARN_INT_CONVERSION = YES;
				CLANG_WARN_NON_LITERAL_NULL_CONVERSION = YES;
				CLANG_WARN_OBJC_IMPLICIT_RETAIN_SELF = YES;
				CLANG_WARN_OBJC_LITERAL_CONVERSION = YES;
				CLANG_WARN_OBJC_ROOT_CLASS = YES_ERROR;
				CLANG_WARN_QUOTED_INCLUDE_IN_FRAMEWORK_HEADER = YES;
				CLANG_WARN_RANGE_LOOP_ANALYSIS = YES;
				CLANG_WARN_STRICT_PROTOTYPES = YES;
				CLANG_WARN_SUSPICIOUS_MOVE = YES;
				CLANG_WARN_UNGUARDED_AVAILABILITY = YES_AGGRESSIVE;
				CLANG_WARN_UNREACHABLE_CODE = YES;
				CLANG_WARN__DUPLICATE_METHOD_MATCH = YES;
				COPY_PHASE_STRIP = NO;
				DEBUG_INFORMATION_FORMAT = "dwarf-with-dsym";
				ENABLE_NS_ASSERTIONS = NO;
				ENABLE_STRICT_OBJC_MSGSEND = YES;
				GCC_C_LANGUAGE_STANDARD = gnu11;
				GCC_NO_COMMON_BLOCKS = YES;
				GCC_WARN_64_TO_32_BIT_CONVERSION = YES;
				GCC_WARN_ABOUT_RETURN_TYPE = YES_ERROR;
				GCC_WARN_UNDECLARED_SELECTOR = YES;
				GCC_WARN_UNINITIALIZED_AUTOS = YES_AGGRESSIVE;
				GCC_WARN_UNUSED_FUNCTION = YES;
				GCC_WARN_UNUSED_VARIABLE = YES;
				IPHONEOS_DEPLOYMENT_TARGET = 15.0;
				MTL_ENABLE_DEBUG_INFO = NO;
				MTL_FAST_MATH = YES;
				SDKROOT = iphoneos;
				SWIFT_COMPILATION_MODE = wholemodule;
				SWIFT_OPTIMIZATION_LEVEL = "-O";
				VALIDATE_PRODUCT = YES;
			};
			name = Release;
		};
		39AE8C6D27466BB800EAF4E8 /* Debug */ = {
			isa = XCBuildConfiguration;
			buildSettings = {
				ASSETCATALOG_COMPILER_APPICON_NAME = AppIcon;
				ASSETCATALOG_COMPILER_GLOBAL_ACCENT_COLOR_NAME = AccentColor;
				CODE_SIGN_STYLE = Automatic;
				CURRENT_PROJECT_VERSION = 1;
				GENERATE_INFOPLIST_FILE = YES;
				INFOPLIST_FILE = SingleView/Info.plist;
				INFOPLIST_KEY_UIApplicationSupportsIndirectInputEvents = YES;
				INFOPLIST_KEY_UILaunchStoryboardName = LaunchScreen;
				INFOPLIST_KEY_UIMainStoryboardFile = Main;
				INFOPLIST_KEY_UISupportedInterfaceOrientations_iPad = "UIInterfaceOrientationPortrait UIInterfaceOrientationPortraitUpsideDown UIInterfaceOrientationLandscapeLeft UIInterfaceOrientationLandscapeRight";
				INFOPLIST_KEY_UISupportedInterfaceOrientations_iPhone = "UIInterfaceOrientationPortrait UIInterfaceOrientationLandscapeLeft UIInterfaceOrientationLandscapeRight";
				LD_RUNPATH_SEARCH_PATHS = (
					"$(inherited)",
					"@executable_path/Frameworks",
				);
				MARKETING_VERSION = 1.0;
				PRODUCT_BUNDLE_IDENTIFIER = com.hrx.SingleView;
				PRODUCT_NAME = "$(TARGET_NAME)";
				SWIFT_EMIT_LOC_STRINGS = YES;
				SWIFT_VERSION = 5.0;
				TARGETED_DEVICE_FAMILY = "1,2";
			};
			name = Debug;
		};
		39AE8C6E27466BB800EAF4E8 /* Release */ = {
			isa = XCBuildConfiguration;
			buildSettings = {
				ASSETCATALOG_COMPILER_APPICON_NAME = AppIcon;
				ASSETCATALOG_COMPILER_GLOBAL_ACCENT_COLOR_NAME = AccentColor;
				CODE_SIGN_STYLE = Automatic;
				CURRENT_PROJECT_VERSION = 1;
				GENERATE_INFOPLIST_FILE = YES;
				INFOPLIST_FILE = SingleView/Info.plist;
				INFOPLIST_KEY_UIApplicationSupportsIndirectInputEvents = YES;
				INFOPLIST_KEY_UILaunchStoryboardName = LaunchScreen;
				INFOPLIST_KEY_UIMainStoryboardFile = Main;
				INFOPLIST_KEY_UISupportedInterfaceOrientations_iPad = "UIInterfaceOrientationPortrait UIInterfaceOrientationPortraitUpsideDown UIInterfaceOrientationLandscapeLeft UIInterfaceOrientationLandscapeRight";
				INFOPLIST_KEY_UISupportedInterfaceOrientations_iPhone = "UIInterfaceOrientationPortrait UIInterfaceOrientationLandscapeLeft UIInterfaceOrientationLandscapeRight";
				LD_RUNPATH_SEARCH_PATHS = (
					"$(inherited)",
					"@executable_path/Frameworks",
				);
				MARKETING_VERSION = 1.0;
				PRODUCT_BUNDLE_IDENTIFIER = com.hrx.SingleView;
				PRODUCT_NAME = "$(TARGET_NAME)";
				SWIFT_EMIT_LOC_STRINGS = YES;
				SWIFT_VERSION = 5.0;
				TARGETED_DEVICE_FAMILY = "1,2";
			};
			name = Release;
		};
		39AE8C7027466BB800EAF4E8 /* Debug */ = {
			isa = XCBuildConfiguration;
			buildSettings = {
				ALWAYS_EMBED_SWIFT_STANDARD_LIBRARIES = YES;
				BUNDLE_LOADER = "$(TEST_HOST)";
				CODE_SIGN_STYLE = Automatic;
				CURRENT_PROJECT_VERSION = 1;
				GENERATE_INFOPLIST_FILE = YES;
				IPHONEOS_DEPLOYMENT_TARGET = 15.0;
				LD_RUNPATH_SEARCH_PATHS = (
					"$(inherited)",
					"@executable_path/Frameworks",
					"@loader_path/Frameworks",
				);
				MARKETING_VERSION = 1.0;
				PRODUCT_BUNDLE_IDENTIFIER = com.hrx.SingleViewTests;
				PRODUCT_NAME = "$(TARGET_NAME)";
				SWIFT_EMIT_LOC_STRINGS = NO;
				SWIFT_VERSION = 5.0;
				TARGETED_DEVICE_FAMILY = "1,2";
				TEST_HOST = "$(BUILT_PRODUCTS_DIR)/SingleView.app/SingleView";
			};
			name = Debug;
		};
		39AE8C7127466BB800EAF4E8 /* Release */ = {
			isa = XCBuildConfiguration;
			buildSettings = {
				ALWAYS_EMBED_SWIFT_STANDARD_LIBRARIES = YES;
				BUNDLE_LOADER = "$(TEST_HOST)";
				CODE_SIGN_STYLE = Automatic;
				CURRENT_PROJECT_VERSION = 1;
				GENERATE_INFOPLIST_FILE = YES;
				IPHONEOS_DEPLOYMENT_TARGET = 15.0;
				LD_RUNPATH_SEARCH_PATHS = (
					"$(inherited)",
					"@executable_path/Frameworks",
					"@loader_path/Frameworks",
				);
				MARKETING_VERSION = 1.0;
				PRODUCT_BUNDLE_IDENTIFIER = com.hrx.SingleViewTests;
				PRODUCT_NAME = "$(TARGET_NAME)";
				SWIFT_EMIT_LOC_STRINGS = NO;
				SWIFT_VERSION = 5.0;
				TARGETED_DEVICE_FAMILY = "1,2";
				TEST_HOST = "$(BUILT_PRODUCTS_DIR)/SingleView.app/SingleView";
			};
			name = Release;
		};
		39AE8C7327466BB800EAF4E8 /* Debug */ = {
			isa = XCBuildConfiguration;
			buildSettings = {
				ALWAYS_EMBED_SWIFT_STANDARD_LIBRARIES = YES;
				CODE_SIGN_STYLE = Automatic;
				CURRENT_PROJECT_VERSION = 1;
				GENERATE_INFOPLIST_FILE = YES;
				LD_RUNPATH_SEARCH_PATHS = (
					"$(inherited)",
					"@executable_path/Frameworks",
					"@loader_path/Frameworks",
				);
				MARKETING_VERSION = 1.0;
				PRODUCT_BUNDLE_IDENTIFIER = com.hrx.SingleViewUITests;
				PRODUCT_NAME = "$(TARGET_NAME)";
				SWIFT_EMIT_LOC_STRINGS = NO;
				SWIFT_VERSION = 5.0;
				TARGETED_DEVICE_FAMILY = "1,2";
				TEST_TARGET_NAME = SingleView;
			};
			name = Debug;
		};
		39AE8C7427466BB800EAF4E8 /* Release */ = {
			isa = XCBuildConfiguration;
			buildSettings = {
				ALWAYS_EMBED_SWIFT_STANDARD_LIBRARIES = YES;
				CODE_SIGN_STYLE = Automatic;
				CURRENT_PROJECT_VERSION = 1;
				GENERATE_INFOPLIST_FILE = YES;
				LD_RUNPATH_SEARCH_PATHS = (
					"$(inherited)",
					"@executable_path/Frameworks",
					"@loader_path/Frameworks",
				);
				MARKETING_VERSION = 1.0;
				PRODUCT_BUNDLE_IDENTIFIER = com.hrx.SingleViewUITests;
				PRODUCT_NAME = "$(TARGET_NAME)";
				SWIFT_EMIT_LOC_STRINGS = NO;
				SWIFT_VERSION = 5.0;
				TARGETED_DEVICE_FAMILY = "1,2";
				TEST_TARGET_NAME = SingleView;
			};
			name = Release;
		};
/* End XCBuildConfiguration section */

/* Begin XCConfigurationList section */
		39AE8C3D27466BB700EAF4E8 /* Build configuration list for PBXProject "SingleView" */ = {
			isa = XCConfigurationList;
			buildConfigurations = (
				39AE8C6A27466BB800EAF4E8 /* Debug */,
				39AE8C6B27466BB800EAF4E8 /* Release */,
			);
			defaultConfigurationIsVisible = 0;
			defaultConfigurationName = Release;
		};
		39AE8C6C27466BB800EAF4E8 /* Build configuration list for PBXNativeTarget "SingleView" */ = {
			isa = XCConfigurationList;
			buildConfigurations = (
				39AE8C6D27466BB800EAF4E8 /* Debug */,
				39AE8C6E27466BB800EAF4E8 /* Release */,
			);
			defaultConfigurationIsVisible = 0;
			defaultConfigurationName = Release;
		};
		39AE8C6F27466BB800EAF4E8 /* Build configuration list for PBXNativeTarget "SingleViewTests" */ = {
			isa = XCConfigurationList;
			buildConfigurations = (
				39AE8C7027466BB800EAF4E8 /* Debug */,
				39AE8C7127466BB800EAF4E8 /* Release */,
			);
			defaultConfigurationIsVisible = 0;
			defaultConfigurationName = Release;
		};
		39AE8C7227466BB800EAF4E8 /* Build configuration list for PBXNativeTarget "SingleViewUITests" */ = {
			isa = XCConfigurationList;
			buildConfigurations = (
				39AE8C7327466BB800EAF4E8 /* Debug */,
				39AE8C7427466BB800EAF4E8 /* Release */,
			);
			defaultConfigurationIsVisible = 0;
			defaultConfigurationName = Release;
		};
/* End XCConfigurationList section */
	};
	rootObject = 39AE8C3A27466BB700EAF4E8 /* Project object */;
}
